// !$*UTF8*$!
{
	archiveVersion = 1;
	classes = {
	};
	objectVersion = 46;
	objects = {

/* Begin PBXBuildFile section */
		D8F157481D3DA48F00944872 /* AppDelegate.swift in Sources */ = {isa = PBXBuildFile; fileRef = D8F157471D3DA48F00944872 /* AppDelegate.swift */; };
		D8F1574A1D3DA48F00944872 /* ViewController.swift in Sources */ = {isa = PBXBuildFile; fileRef = D8F157491D3DA48F00944872 /* ViewController.swift */; };
		D8F1574D1D3DA48F00944872 /* Main.storyboard in Resources */ = {isa = PBXBuildFile; fileRef = D8F1574B1D3DA48F00944872 /* Main.storyboard */; };
		D8F1574F1D3DA48F00944872 /* Assets.xcassets in Resources */ = {isa = PBXBuildFile; fileRef = D8F1574E1D3DA48F00944872 /* Assets.xcassets */; };
		D8F157521D3DA48F00944872 /* LaunchScreen.storyboard in Resources */ = {isa = PBXBuildFile; fileRef = D8F157501D3DA48F00944872 /* LaunchScreen.storyboard */; };
		D8F1575D1D3DA9B800944872 /* FBSDKCoreKit.framework in Frameworks */ = {isa = PBXBuildFile; fileRef = D8F1575B1D3DA9B800944872 /* FBSDKCoreKit.framework */; };
		D8F1575E1D3DA9B800944872 /* FBSDKShareKit.framework in Frameworks */ = {isa = PBXBuildFile; fileRef = D8F1575C1D3DA9B800944872 /* FBSDKShareKit.framework */; };
		EC8CCA073C6CDEA93B7CEAA2 /* Pods_ios_facebook_sharing.framework in Frameworks */ = {isa = PBXBuildFile; fileRef = A860CBE1AB7459DA0B0E8763 /* Pods_ios_facebook_sharing.framework */; };
/* End PBXBuildFile section */

/* Begin PBXFileReference section */
		1263115124B9C757BA63812B /* Pods-ios-facebook-sharing.debug.xcconfig */ = {isa = PBXFileReference; includeInIndex = 1; lastKnownFileType = text.xcconfig; name = "Pods-ios-facebook-sharing.debug.xcconfig"; path = "Pods/Target Support Files/Pods-ios-facebook-sharing/Pods-ios-facebook-sharing.debug.xcconfig"; sourceTree = "<group>"; };
		3933872EA8D2346CDE4E8888 /* Pods-ios-facebook-sharing.release.xcconfig */ = {isa = PBXFileReference; includeInIndex = 1; lastKnownFileType = text.xcconfig; name = "Pods-ios-facebook-sharing.release.xcconfig"; path = "Pods/Target Support Files/Pods-ios-facebook-sharing/Pods-ios-facebook-sharing.release.xcconfig"; sourceTree = "<group>"; };
		A860CBE1AB7459DA0B0E8763 /* Pods_ios_facebook_sharing.framework */ = {isa = PBXFileReference; explicitFileType = wrapper.framework; includeInIndex = 0; path = Pods_ios_facebook_sharing.framework; sourceTree = BUILT_PRODUCTS_DIR; };
		D8AECC471D3DCD1F00C0F308 /* Pods */ = {isa = PBXFileReference; lastKnownFileType = folder; path = Pods; sourceTree = "<group>"; };
		D8F157441D3DA48F00944872 /* ios-facebook-sharing.app */ = {isa = PBXFileReference; explicitFileType = wrapper.application; includeInIndex = 0; path = "ios-facebook-sharing.app"; sourceTree = BUILT_PRODUCTS_DIR; };
		D8F157471D3DA48F00944872 /* AppDelegate.swift */ = {isa = PBXFileReference; lastKnownFileType = sourcecode.swift; path = AppDelegate.swift; sourceTree = "<group>"; };
		D8F157491D3DA48F00944872 /* ViewController.swift */ = {isa = PBXFileReference; lastKnownFileType = sourcecode.swift; path = ViewController.swift; sourceTree = "<group>"; };
		D8F1574C1D3DA48F00944872 /* Base */ = {isa = PBXFileReference; lastKnownFileType = file.storyboard; name = Base; path = Base.lproj/Main.storyboard; sourceTree = "<group>"; };
		D8F1574E1D3DA48F00944872 /* Assets.xcassets */ = {isa = PBXFileReference; lastKnownFileType = folder.assetcatalog; path = Assets.xcassets; sourceTree = "<group>"; };
		D8F157511D3DA48F00944872 /* Base */ = {isa = PBXFileReference; lastKnownFileType = file.storyboard; name = Base; path = Base.lproj/LaunchScreen.storyboard; sourceTree = "<group>"; };
		D8F157531D3DA48F00944872 /* Info.plist */ = {isa = PBXFileReference; lastKnownFileType = text.plist.xml; path = Info.plist; sourceTree = "<group>"; };
		D8F1575B1D3DA9B800944872 /* FBSDKCoreKit.framework */ = {isa = PBXFileReference; lastKnownFileType = wrapper.framework; name = FBSDKCoreKit.framework; path = "../../../APIs/FacebookSDKs-iOS-4/FBSDKCoreKit.framework"; sourceTree = "<group>"; };
		D8F1575C1D3DA9B800944872 /* FBSDKShareKit.framework */ = {isa = PBXFileReference; lastKnownFileType = wrapper.framework; name = FBSDKShareKit.framework; path = "../../../APIs/FacebookSDKs-iOS-4/FBSDKShareKit.framework"; sourceTree = "<group>"; };
/* End PBXFileReference section */

/* Begin PBXFrameworksBuildPhase section */
		D8F157411D3DA48F00944872 /* Frameworks */ = {
			isa = PBXFrameworksBuildPhase;
			buildActionMask = 2147483647;
			files = (
				D8F1575E1D3DA9B800944872 /* FBSDKShareKit.framework in Frameworks */,
				D8F1575D1D3DA9B800944872 /* FBSDKCoreKit.framework in Frameworks */,
				EC8CCA073C6CDEA93B7CEAA2 /* Pods_ios_facebook_sharing.framework in Frameworks */,
			);
			runOnlyForDeploymentPostprocessing = 0;
		};
/* End PBXFrameworksBuildPhase section */

/* Begin PBXGroup section */
		BFE17FE5F4B10E1C10F516FB /* Pods */ = {
			isa = PBXGroup;
			children = (
				1263115124B9C757BA63812B /* Pods-ios-facebook-sharing.debug.xcconfig */,
				3933872EA8D2346CDE4E8888 /* Pods-ios-facebook-sharing.release.xcconfig */,
			);
			name = Pods;
			sourceTree = "<group>";
		};
		D8F1573B1D3DA48E00944872 = {
			isa = PBXGroup;
			children = (
				D8F157461D3DA48F00944872 /* ios-facebook-sharing */,
				D8F157451D3DA48F00944872 /* Products */,
				BFE17FE5F4B10E1C10F516FB /* Pods */,
				F12537C74DF2754D55C831AB /* Frameworks */,
			);
			sourceTree = "<group>";
		};
		D8F157451D3DA48F00944872 /* Products */ = {
			isa = PBXGroup;
			children = (
				D8F157441D3DA48F00944872 /* ios-facebook-sharing.app */,
			);
			name = Products;
			sourceTree = "<group>";
		};
		D8F157461D3DA48F00944872 /* ios-facebook-sharing */ = {
			isa = PBXGroup;
			children = (
				D8F1575B1D3DA9B800944872 /* FBSDKCoreKit.framework */,
				D8F1575C1D3DA9B800944872 /* FBSDKShareKit.framework */,
				D8F157471D3DA48F00944872 /* AppDelegate.swift */,
				D8F157491D3DA48F00944872 /* ViewController.swift */,
				D8F1574B1D3DA48F00944872 /* Main.storyboard */,
				D8F1574E1D3DA48F00944872 /* Assets.xcassets */,
				D8F157501D3DA48F00944872 /* LaunchScreen.storyboard */,
				D8F157531D3DA48F00944872 /* Info.plist */,
			);
			path = "ios-facebook-sharing";
			sourceTree = "<group>";
		};
		F12537C74DF2754D55C831AB /* Frameworks */ = {
			isa = PBXGroup;
			children = (
				D8AECC471D3DCD1F00C0F308 /* Pods */,
				A860CBE1AB7459DA0B0E8763 /* Pods_ios_facebook_sharing.framework */,
			);
			name = Frameworks;
			sourceTree = "<group>";
		};
/* End PBXGroup section */

/* Begin PBXNativeTarget section */
		D8F157431D3DA48F00944872 /* ios-facebook-sharing */ = {
			isa = PBXNativeTarget;
			buildConfigurationList = D8F157561D3DA48F00944872 /* Build configuration list for PBXNativeTarget "ios-facebook-sharing" */;
			buildPhases = (
				BF2D13CDCEEF6FB10D9459AE /* [CP] Check Pods Manifest.lock */,
				D8F157401D3DA48F00944872 /* Sources */,
				D8F157411D3DA48F00944872 /* Frameworks */,
				D8F157421D3DA48F00944872 /* Resources */,
				C08B6FDCE6DBAF0D5AAEB935 /* [CP] Embed Pods Frameworks */,
				C913A8A362D54E1B48F91E62 /* [CP] Copy Pods Resources */,
			);
			buildRules = (
			);
			dependencies = (
			);
			name = "ios-facebook-sharing";
			productName = "ios-facebook-sharing";
			productReference = D8F157441D3DA48F00944872 /* ios-facebook-sharing.app */;
			productType = "com.apple.product-type.application";
		};
/* End PBXNativeTarget section */

/* Begin PBXProject section */
		D8F1573C1D3DA48E00944872 /* Project object */ = {
			isa = PBXProject;
			attributes = {
				LastSwiftUpdateCheck = 0730;
				LastUpgradeCheck = 0730;
				ORGANIZATIONNAME = "Wilder Pereira";
				TargetAttributes = {
					D8F157431D3DA48F00944872 = {
						CreatedOnToolsVersion = 7.3.1;
					};
				};
			};
			buildConfigurationList = D8F1573F1D3DA48E00944872 /* Build configuration list for PBXProject "ios-facebook-sharing" */;
			compatibilityVersion = "Xcode 3.2";
			developmentRegion = English;
			hasScannedForEncodings = 0;
			knownRegions = (
				en,
				Base,
			);
			mainGroup = D8F1573B1D3DA48E00944872;
			productRefGroup = D8F157451D3DA48F00944872 /* Products */;
			projectDirPath = "";
			projectRoot = "";
			targets = (
				D8F157431D3DA48F00944872 /* ios-facebook-sharing */,
			);
		};
/* End PBXProject section */

/* Begin PBXResourcesBuildPhase section */
		D8F157421D3DA48F00944872 /* Resources */ = {
			isa = PBXResourcesBuildPhase;
			buildActionMask = 2147483647;
			files = (
				D8F157521D3DA48F00944872 /* LaunchScreen.storyboard in Resources */,
				D8F1574F1D3DA48F00944872 /* Assets.xcassets in Resources */,
				D8F1574D1D3DA48F00944872 /* Main.storyboard in Resources */,
			);
			runOnlyForDeploymentPostprocessing = 0;
		};
/* End PBXResourcesBuildPhase section */

/* Begin PBXShellScriptBuildPhase section */
		BF2D13CDCEEF6FB10D9459AE /* [CP] Check Pods Manifest.lock */ = {
			isa = PBXShellScriptBuildPhase;
			buildActionMask = 2147483647;
			files = (
			);
			inputPaths = (
			);
			name = "[CP] Check Pods Manifest.lock";
			outputPaths = (
			);
			runOnlyForDeploymentPostprocessing = 0;
			shellPath = /bin/sh;
			shellScript = "diff \"${PODS_ROOT}/../Podfile.lock\" \"${PODS_ROOT}/Manifest.lock\" > /dev/null\nif [[ $? != 0 ]] ; then\n    cat << EOM\nerror: The sandbox is not in sync with the Podfile.lock. Run 'pod install' or update your CocoaPods installation.\nEOM\n    exit 1\nfi\n";
			showEnvVarsInLog = 0;
		};
		C08B6FDCE6DBAF0D5AAEB935 /* [CP] Embed Pods Frameworks */ = {
			isa = PBXShellScriptBuildPhase;
			buildActionMask = 2147483647;
			files = (
			);
			inputPaths = (
			);
			name = "[CP] Embed Pods Frameworks";
			outputPaths = (
			);
			runOnlyForDeploymentPostprocessing = 0;
			shellPath = /bin/sh;
			shellScript = "\"${SRCROOT}/Pods/Target Support Files/Pods-ios-facebook-sharing/Pods-ios-facebook-sharing-frameworks.sh\"\n";
			showEnvVarsInLog = 0;
		};
		C913A8A362D54E1B48F91E62 /* [CP] Copy Pods Resources */ = {
			isa = PBXShellScriptBuildPhase;
			buildActionMask = 2147483647;
			files = (
			);
			inputPaths = (
			);
			name = "[CP] Copy Pods Resources";
			outputPaths = (
			);
			runOnlyForDeploymentPostprocessing = 0;
			shellPath = /bin/sh;
			shellScript = "\"${SRCROOT}/Pods/Target Support Files/Pods-ios-facebook-sharing/Pods-ios-facebook-sharing-resources.sh\"\n";
			showEnvVarsInLog = 0;
		};
/* End PBXShellScriptBuildPhase section */

/* Begin PBXSourcesBuildPhase section */
		D8F157401D3DA48F00944872 /* Sources */ = {
			isa = PBXSourcesBuildPhase;
			buildActionMask = 2147483647;
			files = (
				D8F1574A1D3DA48F00944872 /* ViewController.swift in Sources */,
				D8F157481D3DA48F00944872 /* AppDelegate.swift in Sources */,
			);
			runOnlyForDeploymentPostprocessing = 0;
		};
/* End PBXSourcesBuildPhase section */

/* Begin PBXVariantGroup section */
		D8F1574B1D3DA48F00944872 /* Main.storyboard */ = {
			isa = PBXVariantGroup;
			children = (
				D8F1574C1D3DA48F00944872 /* Base */,
			);
			name = Main.storyboard;
			sourceTree = "<group>";
		};
		D8F157501D3DA48F00944872 /* LaunchScreen.storyboard */ = {
			isa = PBXVariantGroup;
			children = (
				D8F157511D3DA48F00944872 /* Base */,
			);
			name = LaunchScreen.storyboard;
			sourceTree = "<group>";
		};
/* End PBXVariantGroup section */

/* Begin XCBuildConfiguration section */
		D8F157541D3DA48F00944872 /* Debug */ = {
			isa = XCBuildConfiguration;
			buildSettings = {
				ALWAYS_SEARCH_USER_PATHS = NO;
				CLANG_ANALYZER_NONNULL = YES;
				CLANG_CXX_LANGUAGE_STANDARD = "gnu++0x";
				CLANG_CXX_LIBRARY = "libc++";
				CLANG_ENABLE_MODULES = YES;
				CLANG_ENABLE_OBJC_ARC = YES;
				CLANG_WARN_BOOL_CONVERSION = YES;
				CLANG_WARN_CONSTANT_CONVERSION = YES;
				CLANG_WARN_DIRECT_OBJC_ISA_USAGE = YES_ERROR;
				CLANG_WARN_EMPTY_BODY = YES;
				CLANG_WARN_ENUM_CONVERSION = YES;
				CLANG_WARN_INT_CONVERSION = YES;
				CLANG_WARN_OBJC_ROOT_CLASS = YES_ERROR;
				CLANG_WARN_UNREACHABLE_CODE = YES;
				CLANG_WARN__DUPLICATE_METHOD_MATCH = YES;
				"CODE_SIGN_IDENTITY[sdk=iphoneos*]" = "iPhone Developer";
				COPY_PHASE_STRIP = NO;
				DEBUG_INFORMATION_FORMAT = dwarf;
				ENABLE_STRICT_OBJC_MSGSEND = YES;
				ENABLE_TESTABILITY = YES;
				GCC_C_LANGUAGE_STANDARD = gnu99;
				GCC_DYNAMIC_NO_PIC = NO;
				GCC_NO_COMMON_BLOCKS = YES;
				GCC_OPTIMIZATION_LEVEL = 0;
				GCC_PREPROCESSOR_DEFINITIONS = (
					"DEBUG=1",
					"$(inherited)",
				);
				GCC_WARN_64_TO_32_BIT_CONVERSION = YES;
				GCC_WARN_ABOUT_RETURN_TYPE = YES_ERROR;
				GCC_WARN_UNDECLARED_SELECTOR = YES;
				GCC_WARN_UNINITIALIZED_AUTOS = YES_AGGRESSIVE;
				GCC_WARN_UNUSED_FUNCTION = YES;
				GCC_WARN_UNUSED_VARIABLE = YES;
				IPHONEOS_DEPLOYMENT_TARGET = 9.3;
				MTL_ENABLE_DEBUG_INFO = YES;
				ONLY_ACTIVE_ARCH = YES;
				SDKROOT = iphoneos;
				SWIFT_OPTIMIZATION_LEVEL = "-Onone";
			};
			name = Debug;
		};
		D8F157551D3DA48F00944872 /* Release */ = {
			isa = XCBuildConfiguration;
			buildSettings = {
				ALWAYS_SEARCH_USER_PATHS = NO;
				CLANG_ANALYZER_NONNULL = YES;
				CLANG_CXX_LANGUAGE_STANDARD = "gnu++0x";
				CLANG_CXX_LIBRARY = "libc++";
				CLANG_ENABLE_MODULES = YES;
				CLANG_ENABLE_OBJC_ARC = YES;
				CLANG_WARN_BOOL_CONVERSION = YES;
				CLANG_WARN_CONSTANT_CONVERSION = YES;
				CLANG_WARN_DIRECT_OBJC_ISA_USAGE = YES_ERROR;
				CLANG_WARN_EMPTY_BODY = YES;
				CLANG_WARN_ENUM_CONVERSION = YES;
				CLANG_WARN_INT_CONVERSION = YES;
				CLANG_WARN_OBJC_ROOT_CLASS = YES_ERROR;
				CLANG_WARN_UNREACHABLE_CODE = YES;
				CLANG_WARN__DUPLICATE_METHOD_MATCH = YES;
				"CODE_SIGN_IDENTITY[sdk=iphoneos*]" = "iPhone Developer";
				COPY_PHASE_STRIP = NO;
				DEBUG_INFORMATION_FORMAT = "dwarf-with-dsym";
				ENABLE_NS_ASSERTIONS = NO;
				ENABLE_STRICT_OBJC_MSGSEND = YES;
				GCC_C_LANGUAGE_STANDARD = gnu99;
				GCC_NO_COMMON_BLOCKS = YES;
				GCC_WARN_64_TO_32_BIT_CONVERSION = YES;
				GCC_WARN_ABOUT_RETURN_TYPE = YES_ERROR;
				GCC_WARN_UNDECLARED_SELECTOR = YES;
				GCC_WARN_UNINITIALIZED_AUTOS = YES_AGGRESSIVE;
				GCC_WARN_UNUSED_FUNCTION = YES;
				GCC_WARN_UNUSED_VARIABLE = YES;
				IPHONEOS_DEPLOYMENT_TARGET = 9.3;
				MTL_ENABLE_DEBUG_INFO = NO;
				SDKROOT = iphoneos;
				VALIDATE_PRODUCT = YES;
			};
			name = Release;
		};
		D8F157571D3DA48F00944872 /* Debug */ = {
			isa = XCBuildConfiguration;
			baseConfigurationReference = 1263115124B9C757BA63812B /* Pods-ios-facebook-sharing.debug.xcconfig */;
			buildSettings = {
				ASSETCATALOG_COMPILER_APPICON_NAME = AppIcon;
				INFOPLIST_FILE = "ios-facebook-sharing/Info.plist";
				LD_RUNPATH_SEARCH_PATHS = "$(inherited) @executable_path/Frameworks";
				PRODUCT_BUNDLE_IDENTIFIER = "wilderpereira.ios-facebook-sharing";
				PRODUCT_NAME = "$(TARGET_NAME)";
				SWIFT_OBJC_BRIDGING_HEADER = "";
			};
			name = Debug;
		};
		D8F157581D3DA48F00944872 /* Release */ = {
			isa = XCBuildConfiguration;
			baseConfigurationReference = 3933872EA8D2346CDE4E8888 /* Pods-ios-facebook-sharing.release.xcconfig */;
			buildSettings = {
				ASSETCATALOG_COMPILER_APPICON_NAME = AppIcon;
				INFOPLIST_FILE = "ios-facebook-sharing/Info.plist";
				LD_RUNPATH_SEARCH_PATHS = "$(inherited) @executable_path/Frameworks";
				PRODUCT_BUNDLE_IDENTIFIER = "wilderpereira.ios-facebook-sharing";
				PRODUCT_NAME = "$(TARGET_NAME)";
				SWIFT_OBJC_BRIDGING_HEADER = "";
			};
			name = Release;
		};
/* End XCBuildConfiguration section */

/* Begin XCConfigurationList section */
		D8F1573F1D3DA48E00944872 /* Build configuration list for PBXProject "ios-facebook-sharing" */ = {
			isa = XCConfigurationList;
			buildConfigurations = (
				D8F157541D3DA48F00944872 /* Debug */,
				D8F157551D3DA48F00944872 /* Release */,
			);
			defaultConfigurationIsVisible = 0;
			defaultConfigurationName = Release;
		};
		D8F157561D3DA48F00944872 /* Build configuration list for PBXNativeTarget "ios-facebook-sharing" */ = {
			isa = XCConfigurationList;
			buildConfigurations = (
				D8F157571D3DA48F00944872 /* Debug */,
				D8F157581D3DA48F00944872 /* Release */,
			);
			defaultConfigurationIsVisible = 0;
			defaultConfigurationName = Release;
		};
/* End XCConfigurationList section */
	};
	rootObject = D8F1573C1D3DA48E00944872 /* Project object */;
}
